
Microsoft Visual Studio Solution File, Format Version 12.00
# Visual Studio Version 17
VisualStudioVersion = 17.1.32414.318
MinimumVisualStudioVersion = 10.0.40219.1
Project("{FAE04EC0-301F-11D3-BF4B-00C04F79EFBC}") = "SSS", "SSS\SSS.csproj", "{1432930A-D807-4236-B60F-D5039917DEDD}"
EndProject
Project("{FAE04EC0-301F-11D3-BF4B-00C04F79EFBC}") = "DataAccessLayer", "DataAccessLayer\DataAccessLayer.csproj", "{A3EE5C87-9385-4303-9568-0AE938B4E40D}"
EndProject
Global
	GlobalSection(SolutionConfigurationPlatforms) = preSolution
		Debug|Any CPU = Debug|Any CPU
		Release|Any CPU = Release|Any CPU
	EndGlobalSection
	GlobalSection(ProjectConfigurationPlatforms) = postSolution
		{1432930A-D807-4236-B60F-D5039917DEDD}.Debug|Any CPU.ActiveCfg = Debug|Any CPU
		{1432930A-D807-4236-B60F-D5039917DEDD}.Debug|Any CPU.Build.0 = Debug|Any CPU
		{1432930A-D807-4236-B60F-D5039917DEDD}.Release|Any CPU.ActiveCfg = Release|Any CPU
		{1432930A-D807-4236-B60F-D5039917DEDD}.Release|Any CPU.Build.0 = Release|Any CPU
		{A3EE5C87-9385-4303-9568-0AE938B4E40D}.Debug|Any CPU.ActiveCfg = Debug|Any CPU
		{A3EE5C87-9385-4303-9568-0AE938B4E40D}.Debug|Any CPU.Build.0 = Debug|Any CPU
		{A3EE5C87-9385-4303-9568-0AE938B4E40D}.Release|Any CPU.ActiveCfg = Release|Any CPU
		{A3EE5C87-9385-4303-9568-0AE938B4E40D}.Release|Any CPU.Build.0 = Release|Any CPU
	EndGlobalSection
	GlobalSection(SolutionProperties) = preSolution
		HideSolutionNode = FALSE
	EndGlobalSection
	GlobalSection(ExtensibilityGlobals) = postSolution
		SolutionGuid = {0DF84AA0-D223-41B5-BA3C-100F691505E5}
	EndGlobalSection
EndGlobal
